
Microsoft Visual Studio Solution File, Format Version 12.00
# Visual Studio Version 17
VisualStudioVersion = 17.4.33213.308
MinimumVisualStudioVersion = 10.0.40219.1
Project("{FAE04EC0-301F-11D3-BF4B-00C04F79EFBC}") = "WindowsFormsApp3", "WindowsFormsApp3.csproj", "{071B7135-A2C1-4B0B-AD8B-7664943CE90B}"
EndProject
Global
	GlobalSection(SolutionConfigurationPlatforms) = preSolution
		Debug|Any CPU = Debug|Any CPU
		Release|Any CPU = Release|Any CPU
	EndGlobalSection
	GlobalSection(ProjectConfigurationPlatforms) = postSolution
		{071B7135-A2C1-4B0B-AD8B-7664943CE90B}.Debug|Any CPU.ActiveCfg = Debug|Any CPU
		{071B7135-A2C1-4B0B-AD8B-7664943CE90B}.Debug|Any CPU.Build.0 = Debug|Any CPU
		{071B7135-A2C1-4B0B-AD8B-7664943CE90B}.Release|Any CPU.ActiveCfg = Release|Any CPU
		{071B7135-A2C1-4B0B-AD8B-7664943CE90B}.Release|Any CPU.Build.0 = Release|Any CPU
	EndGlobalSection
	GlobalSection(SolutionProperties) = preSolution
		HideSolutionNode = FALSE
	EndGlobalSection
	GlobalSection(ExtensibilityGlobals) = postSolution
		SolutionGuid = {68B4F313-73FF-44D9-900A-D65C04A124A9}
	EndGlobalSection
EndGlobal
